
Microsoft Visual Studio Solution File, Format Version 12.00
# Visual Studio Version 17
VisualStudioVersion = 17.10.35027.167
MinimumVisualStudioVersion = 10.0.40219.1
Project("{FAE04EC0-301F-11D3-BF4B-00C04F79EFBC}") = "MenuManagementAPI", "MenuManagementAPI\MenuManagementAPI.csproj", "{BF464B30-3039-417A-907F-01B822DD2543}"
EndProject
Project("{FAE04EC0-301F-11D3-BF4B-00C04F79EFBC}") = "AuthenticationService", "AuthenticationService\AuthenticationService.csproj", "{5E671382-D2FF-4722-9B05-3D919DD49565}"
EndProject
Project("{FAE04EC0-301F-11D3-BF4B-00C04F79EFBC}") = "OrderManagementAPI", "OrderManagementAPI\OrderManagementAPI.csproj", "{80D918C9-B890-40A4-86D2-D2E8AE626291}"
EndProject
Project("{FAE04EC0-301F-11D3-BF4B-00C04F79EFBC}") = "ReviewManagementAPI", "ReviewManagementAPI\ReviewManagementAPI.csproj", "{626F40D4-9810-4572-98D8-D64EC799E2E8}"
EndProject
Project("{FAE04EC0-301F-11D3-BF4B-00C04F79EFBC}") = "RestautantManagement_Test", "RestautantManagement_Test\RestautantManagement_Test.csproj", "{9F786CD9-1197-4E7F-8931-37DAB91C5B38}"
EndProject
Global
	GlobalSection(SolutionConfigurationPlatforms) = preSolution
		Debug|Any CPU = Debug|Any CPU
		Release|Any CPU = Release|Any CPU
	EndGlobalSection
	GlobalSection(ProjectConfigurationPlatforms) = postSolution
		{BF464B30-3039-417A-907F-01B822DD2543}.Debug|Any CPU.ActiveCfg = Debug|Any CPU
		{BF464B30-3039-417A-907F-01B822DD2543}.Debug|Any CPU.Build.0 = Debug|Any CPU
		{BF464B30-3039-417A-907F-01B822DD2543}.Release|Any CPU.ActiveCfg = Release|Any CPU
		{BF464B30-3039-417A-907F-01B822DD2543}.Release|Any CPU.Build.0 = Release|Any CPU
		{5E671382-D2FF-4722-9B05-3D919DD49565}.Debug|Any CPU.ActiveCfg = Debug|Any CPU
		{5E671382-D2FF-4722-9B05-3D919DD49565}.Debug|Any CPU.Build.0 = Debug|Any CPU
		{5E671382-D2FF-4722-9B05-3D919DD49565}.Release|Any CPU.ActiveCfg = Release|Any CPU
		{5E671382-D2FF-4722-9B05-3D919DD49565}.Release|Any CPU.Build.0 = Release|Any CPU
		{80D918C9-B890-40A4-86D2-D2E8AE626291}.Debug|Any CPU.ActiveCfg = Debug|Any CPU
		{80D918C9-B890-40A4-86D2-D2E8AE626291}.Debug|Any CPU.Build.0 = Debug|Any CPU
		{80D918C9-B890-40A4-86D2-D2E8AE626291}.Release|Any CPU.ActiveCfg = Release|Any CPU
		{80D918C9-B890-40A4-86D2-D2E8AE626291}.Release|Any CPU.Build.0 = Release|Any CPU
		{626F40D4-9810-4572-98D8-D64EC799E2E8}.Debug|Any CPU.ActiveCfg = Debug|Any CPU
		{626F40D4-9810-4572-98D8-D64EC799E2E8}.Debug|Any CPU.Build.0 = Debug|Any CPU
		{626F40D4-9810-4572-98D8-D64EC799E2E8}.Release|Any CPU.ActiveCfg = Release|Any CPU
		{626F40D4-9810-4572-98D8-D64EC799E2E8}.Release|Any CPU.Build.0 = Release|Any CPU
		{9F786CD9-1197-4E7F-8931-37DAB91C5B38}.Debug|Any CPU.ActiveCfg = Debug|Any CPU
		{9F786CD9-1197-4E7F-8931-37DAB91C5B38}.Debug|Any CPU.Build.0 = Debug|Any CPU
		{9F786CD9-1197-4E7F-8931-37DAB91C5B38}.Release|Any CPU.ActiveCfg = Release|Any CPU
		{9F786CD9-1197-4E7F-8931-37DAB91C5B38}.Release|Any CPU.Build.0 = Release|Any CPU
	EndGlobalSection
	GlobalSection(SolutionProperties) = preSolution
		HideSolutionNode = FALSE
	EndGlobalSection
	GlobalSection(ExtensibilityGlobals) = postSolution
		SolutionGuid = {4400716C-3A97-46BC-AB8E-FF0E9712D513}
	EndGlobalSection
EndGlobal
